golang.org/x/sync v0.6.0 h1:5BMeUDZ7vkXGfEr1x9B4bRcTH4lpkTkpdh0T/J+qjbQ=
golang.org/x/sync v0.6.0/go.mod h1:Czt+wKu1gCyEFDUtn0jG5QVvpJ6rzVqr5aXyt9drQfk=
resenje.org/singleflight v0.4.1 h1:ryGHRaOBwhnZLyf34LMDf4AsTSHrs4hdGPdG/I4Hmac=
resenje.org/singleflight v0.4.1/go.mod h1:lAgQK7VfjG6/pgredbQfmV0RvG/uVhKo6vSuZ0vCWfk=
